
Microsoft Visual Studio Solution File, Format Version 12.00
# Visual Studio Version 17
VisualStudioVersion = 17.11.35327.3
MinimumVisualStudioVersion = 10.0.40219.1
Project("{FAE04EC0-301F-11D3-BF4B-00C04F79EFBC}") = "WebDocker", "WebDocker\WebDocker.csproj", "{82207548-60BE-4D25-B697-3A4E629CDBB3}"
EndProject
Global
	GlobalSection(SolutionConfigurationPlatforms) = preSolution
		Debug|Any CPU = Debug|Any CPU
		Release|Any CPU = Release|Any CPU
	EndGlobalSection
	GlobalSection(ProjectConfigurationPlatforms) = postSolution
		{82207548-60BE-4D25-B697-3A4E629CDBB3}.Debug|Any CPU.ActiveCfg = Debug|Any CPU
		{82207548-60BE-4D25-B697-3A4E629CDBB3}.Debug|Any CPU.Build.0 = Debug|Any CPU
		{82207548-60BE-4D25-B697-3A4E629CDBB3}.Release|Any CPU.ActiveCfg = Release|Any CPU
		{82207548-60BE-4D25-B697-3A4E629CDBB3}.Release|Any CPU.Build.0 = Release|Any CPU
	EndGlobalSection
	GlobalSection(SolutionProperties) = preSolution
		HideSolutionNode = FALSE
	EndGlobalSection
	GlobalSection(ExtensibilityGlobals) = postSolution
		SolutionGuid = {7199BF0C-CCF3-4AE4-8F0D-372E4B24B897}
	EndGlobalSection
EndGlobal
